
Microsoft Visual Studio Solution File, Format Version 12.00
# Visual Studio Version 17
VisualStudioVersion = 17.4.33205.214
MinimumVisualStudioVersion = 10.0.40219.1
Project("{FAE04EC0-301F-11D3-BF4B-00C04F79EFBC}") = "BestBuy Best Practices", "BestBuy Best Practices.csproj", "{D3F69D9D-5DC5-4DED-8DFF-2794FB47B2DA}"
EndProject
Global
	GlobalSection(SolutionConfigurationPlatforms) = preSolution
		Debug|Any CPU = Debug|Any CPU
		Release|Any CPU = Release|Any CPU
	EndGlobalSection
	GlobalSection(ProjectConfigurationPlatforms) = postSolution
		{D3F69D9D-5DC5-4DED-8DFF-2794FB47B2DA}.Debug|Any CPU.ActiveCfg = Debug|Any CPU
		{D3F69D9D-5DC5-4DED-8DFF-2794FB47B2DA}.Debug|Any CPU.Build.0 = Debug|Any CPU
		{D3F69D9D-5DC5-4DED-8DFF-2794FB47B2DA}.Release|Any CPU.ActiveCfg = Release|Any CPU
		{D3F69D9D-5DC5-4DED-8DFF-2794FB47B2DA}.Release|Any CPU.Build.0 = Release|Any CPU
	EndGlobalSection
	GlobalSection(SolutionProperties) = preSolution
		HideSolutionNode = FALSE
	EndGlobalSection
	GlobalSection(ExtensibilityGlobals) = postSolution
		SolutionGuid = {B1E80A95-5F74-449F-B8F4-A704B5CFC2D0}
	EndGlobalSection
EndGlobal
